<?xml version="1.0" encoding="utf-8"?>
<Project ToolsVersion="4.0" xmlns="http://schemas.microsoft.com/developer/msbuild/2003">
  <ItemGroup>
    <Filter Include="Source Files">
      <UniqueIdentifier>{4FC737F1-C7A5-4376-A066-2A32D752A2FF}</UniqueIdentifier>
      <Extensions>cpp;c;cc;cxx;def;odl;idl;hpj;bat;asm;asmx</Extensions>
    </Filter>
    <Filter Include="Header Files">
      <UniqueIdentifier>{93995380-89BD-4b04-88EB-625FBE52EBFB}</UniqueIdentifier>
      <Extensions>h;hh;hpp;hxx;hm;inl;inc;xsd</Extensions>
    </Filter>
    <Filter Include="Resource Files">
      <UniqueIdentifier>{67DA6AB6-F800-4c08-8B7A-83BB121AAD01}</UniqueIdentifier>
      <Extensions>rc;ico;cur;bmp;dlg;rc2;rct;bin;rgs;gif;jpg;jpeg;jpe;resx;tiff;tif;png;wav;mfcribbon-ms</Extensions>
    </Filter>
  </ItemGroup>
  <ItemGroup>
    <ClCompile Include="..\psb.cpp">
      <Filter>Source Files</Filter>
    </ClCompile>
    <ClCompile Include="psb_cc_null.cpp">
      <Filter>Source Files</Filter>
    </ClCompile>
    <ClCompile Include="psb_cc_base.cpp">
      <Filter>Source Files</Filter>
    </ClCompile>
    <ClCompile Include="psb_cc_array.cpp">
      <Filter>Source Files</Filter>
    </ClCompile>
    <ClCompile Include="cc_stream.cpp">
      <Filter>Source Files</Filter>
    </ClCompile>
    <ClCompile Include="unit_test.cpp">
      <Filter>Source Files</Filter>
    </ClCompile>
    <ClCompile Include="psb_cc_integer.cpp">
      <Filter>Source Files</Filter>
    </ClCompile>
    <ClCompile Include="psb_cc.cpp">
      <Filter>Source Files</Filter>
    </ClCompile>
    <ClCompile Include="compiler.cpp">
      <Filter>Source Files</Filter>
    </ClCompile>
    <ClCompile Include="psb_link.cpp">
      <Filter>Source Files</Filter>
    </ClCompile>
    <ClCompile Include="psb_cc_string.cpp">
      <Filter>Source Files</Filter>
    </ClCompile>
    <ClCompile Include="psb_cc_resource.cpp">
      <Filter>Source Files</Filter>
    </ClCompile>
    <ClCompile Include="psb_cc_decimal.cpp">
      <Filter>Source Files</Filter>
    </ClCompile>
    <ClCompile Include="psb_cc_collection.cpp">
      <Filter>Source Files</Filter>
    </ClCompile>
    <ClCompile Include="psb_cc_object.cpp">
      <Filter>Source Files</Filter>
    </ClCompile>
    <ClCompile Include="psb_cc_boolean.cpp">
      <Filter>Source Files</Filter>
    </ClCompile>
    <ClCompile Include="psb_cc_btree.cpp">
      <Filter>Source Files</Filter>
    </ClCompile>
    <ClCompile Include="psb_link_resource.cpp">
      <Filter>Source Files</Filter>
    </ClCompile>
    <ClCompile Include="psb_compiler_center.cpp">
      <Filter>Source Files</Filter>
    </ClCompile>
  </ItemGroup>
  <ItemGroup>
    <ClInclude Include="..\psb.hpp">
      <Filter>Header Files</Filter>
    </ClInclude>
    <ClInclude Include="psb_cc_null.h">
      <Filter>Header Files</Filter>
    </ClInclude>
    <ClInclude Include="psb_cc_base.h">
      <Filter>Header Files</Filter>
    </ClInclude>
    <ClInclude Include="psb_cc_array.h">
      <Filter>Header Files</Filter>
    </ClInclude>
    <ClInclude Include="cc_stream.h">
      <Filter>Header Files</Filter>
    </ClInclude>
    <ClInclude Include="def.h">
      <Filter>Header Files</Filter>
    </ClInclude>
    <ClInclude Include="psb_cc_integer.h">
      <Filter>Header Files</Filter>
    </ClInclude>
    <ClInclude Include="psb_cc.h">
      <Filter>Header Files</Filter>
    </ClInclude>
    <ClInclude Include="psb_link.h">
      <Filter>Header Files</Filter>
    </ClInclude>
    <ClInclude Include="psb_cc_string.h">
      <Filter>Header Files</Filter>
    </ClInclude>
    <ClInclude Include="psb_cc_resource.h">
      <Filter>Header Files</Filter>
    </ClInclude>
    <ClInclude Include="psb_cc_decimal.h">
      <Filter>Header Files</Filter>
    </ClInclude>
    <ClInclude Include="psb_cc_collection.h">
      <Filter>Header Files</Filter>
    </ClInclude>
    <ClInclude Include="psb_cc_object.h">
      <Filter>Header Files</Filter>
    </ClInclude>
    <ClInclude Include="psb_cc_boolean.h">
      <Filter>Header Files</Filter>
    </ClInclude>
    <ClInclude Include="psb_cc_btree.h">
      <Filter>Header Files</Filter>
    </ClInclude>
    <ClInclude Include="psb_link_resource.h">
      <Filter>Header Files</Filter>
    </ClInclude>
    <ClInclude Include="psb_compiler_center.h">
      <Filter>Header Files</Filter>
    </ClInclude>
  </ItemGroup>
  <ItemGroup>
    <Library Include="..\..\jsoncpp\vs\Debug\jsoncpp.lib" />
  </ItemGroup>
</Project>